
Microsoft Visual Studio Solution File, Format Version 12.00
# Visual Studio Version 18
VisualStudioVersion = 18.3.11520.95
MinimumVisualStudioVersion = 10.0.40219.1
Project("{FAE04EC0-301F-11D3-BF4B-00C04F79EFBC}") = "HeapViewTest", "HeapViewTest\HeapViewTest.csproj", "{36EDD7CD-CA0B-4FD2-A30D-8A09C58A01E2}"
EndProject
Project("{2150E333-8FDC-42A3-9474-1A3956D46DE8}") = "Solution Items", "Solution Items", "{CF653246-E807-4ECF-9A88-4CE73CF0E5C4}"
	ProjectSection(SolutionItems) = preProject
		LICENSE.txt = LICENSE.txt
		README.md = README.md
	EndProjectSection
EndProject
Global
	GlobalSection(SolutionConfigurationPlatforms) = preSolution
		Debug|Any CPU = Debug|Any CPU
		Release|Any CPU = Release|Any CPU
	EndGlobalSection
	GlobalSection(ProjectConfigurationPlatforms) = postSolution
		{36EDD7CD-CA0B-4FD2-A30D-8A09C58A01E2}.Debug|Any CPU.ActiveCfg = Debug|Any CPU
		{36EDD7CD-CA0B-4FD2-A30D-8A09C58A01E2}.Debug|Any CPU.Build.0 = Debug|Any CPU
		{36EDD7CD-CA0B-4FD2-A30D-8A09C58A01E2}.Release|Any CPU.ActiveCfg = Release|Any CPU
		{36EDD7CD-CA0B-4FD2-A30D-8A09C58A01E2}.Release|Any CPU.Build.0 = Release|Any CPU
	EndGlobalSection
	GlobalSection(SolutionProperties) = preSolution
		HideSolutionNode = FALSE
	EndGlobalSection
	GlobalSection(ExtensibilityGlobals) = postSolution
		SolutionGuid = {C8729F86-FFB2-4D6E-AA06-C5EAF83D63F7}
	EndGlobalSection
EndGlobal
