
Microsoft Visual Studio Solution File, Format Version 12.00
# Visual Studio Version 17
VisualStudioVersion = 17.14.36414.22 d17.14
MinimumVisualStudioVersion = 10.0.40219.1
Project("{FAE04EC0-301F-11D3-BF4B-00C04F79EFBC}") = "HeapViewTest", "HeapViewTest\HeapViewTest.csproj", "{36EDD7CD-CA0B-4FD2-A30D-8A09C58A01E2}"
EndProject
Global
	GlobalSection(SolutionConfigurationPlatforms) = preSolution
		Debug|Any CPU = Debug|Any CPU
		Release|Any CPU = Release|Any CPU
	EndGlobalSection
	GlobalSection(ProjectConfigurationPlatforms) = postSolution
		{36EDD7CD-CA0B-4FD2-A30D-8A09C58A01E2}.Debug|Any CPU.ActiveCfg = Debug|Any CPU
		{36EDD7CD-CA0B-4FD2-A30D-8A09C58A01E2}.Debug|Any CPU.Build.0 = Debug|Any CPU
		{36EDD7CD-CA0B-4FD2-A30D-8A09C58A01E2}.Release|Any CPU.ActiveCfg = Release|Any CPU
		{36EDD7CD-CA0B-4FD2-A30D-8A09C58A01E2}.Release|Any CPU.Build.0 = Release|Any CPU
	EndGlobalSection
	GlobalSection(SolutionProperties) = preSolution
		HideSolutionNode = FALSE
	EndGlobalSection
	GlobalSection(ExtensibilityGlobals) = postSolution
		SolutionGuid = {C8729F86-FFB2-4D6E-AA06-C5EAF83D63F7}
	EndGlobalSection
EndGlobal
